
Microsoft Visual Studio Solution File, Format Version 12.00
# Visual Studio 2012
Project("{FAE04EC0-301F-11D3-BF4B-00C04F79EFBC}") = "UI", "UI\UI.csproj", "{BFC8D836-EEBF-4808-B449-DB02736F6E37}"
EndProject
Project("{FAE04EC0-301F-11D3-BF4B-00C04F79EFBC}") = "BusinessLogic", "BusinessLogic\BusinessLogic.csproj", "{4BD15F0F-27E5-43C6-866D-EEAEB6979773}"
EndProject
Project("{FAE04EC0-301F-11D3-BF4B-00C04F79EFBC}") = "DataAccessLayer", "DataAccessLayer\DataAccessLayer.csproj", "{BECF75E5-ADAD-42D7-935B-30551E7B7D5F}"
EndProject
Project("{FAE04EC0-301F-11D3-BF4B-00C04F79EFBC}") = "Services", "Services\Services.csproj", "{860DB44A-4360-4D78-BF18-5BF02EF8EA38}"
EndProject
Global
	GlobalSection(SolutionConfigurationPlatforms) = preSolution
		Debug|x86 = Debug|x86
		Release|x86 = Release|x86
	EndGlobalSection
	GlobalSection(ProjectConfigurationPlatforms) = postSolution
		{BFC8D836-EEBF-4808-B449-DB02736F6E37}.Debug|x86.ActiveCfg = Debug|x86
		{BFC8D836-EEBF-4808-B449-DB02736F6E37}.Debug|x86.Build.0 = Debug|x86
		{BFC8D836-EEBF-4808-B449-DB02736F6E37}.Release|x86.ActiveCfg = Release|x86
		{BFC8D836-EEBF-4808-B449-DB02736F6E37}.Release|x86.Build.0 = Release|x86
		{4BD15F0F-27E5-43C6-866D-EEAEB6979773}.Debug|x86.ActiveCfg = Debug|x86
		{4BD15F0F-27E5-43C6-866D-EEAEB6979773}.Debug|x86.Build.0 = Debug|x86
		{4BD15F0F-27E5-43C6-866D-EEAEB6979773}.Release|x86.ActiveCfg = Release|x86
		{4BD15F0F-27E5-43C6-866D-EEAEB6979773}.Release|x86.Build.0 = Release|x86
		{BECF75E5-ADAD-42D7-935B-30551E7B7D5F}.Debug|x86.ActiveCfg = Debug|x86
		{BECF75E5-ADAD-42D7-935B-30551E7B7D5F}.Debug|x86.Build.0 = Debug|x86
		{BECF75E5-ADAD-42D7-935B-30551E7B7D5F}.Release|x86.ActiveCfg = Release|x86
		{BECF75E5-ADAD-42D7-935B-30551E7B7D5F}.Release|x86.Build.0 = Release|x86
		{860DB44A-4360-4D78-BF18-5BF02EF8EA38}.Debug|x86.ActiveCfg = Debug|x86
		{860DB44A-4360-4D78-BF18-5BF02EF8EA38}.Debug|x86.Build.0 = Debug|x86
		{860DB44A-4360-4D78-BF18-5BF02EF8EA38}.Release|x86.ActiveCfg = Release|x86
		{860DB44A-4360-4D78-BF18-5BF02EF8EA38}.Release|x86.Build.0 = Release|x86
	EndGlobalSection
EndGlobal
